
Microsoft Visual Studio Solution File, Format Version 12.00
# Visual Studio Version 17
VisualStudioVersion = 17.8.34330.188
MinimumVisualStudioVersion = 10.0.40219.1
Project("{FAE04EC0-301F-11D3-BF4B-00C04F79EFBC}") = "WebAppP3C1", "WebAppP3C1\WebAppP3C1.csproj", "{247DCE75-1F9E-46FA-A802-2DBA68E201B3}"
EndProject
Global
	GlobalSection(SolutionConfigurationPlatforms) = preSolution
		Debug|Any CPU = Debug|Any CPU
		Release|Any CPU = Release|Any CPU
	EndGlobalSection
	GlobalSection(ProjectConfigurationPlatforms) = postSolution
		{247DCE75-1F9E-46FA-A802-2DBA68E201B3}.Debug|Any CPU.ActiveCfg = Debug|Any CPU
		{247DCE75-1F9E-46FA-A802-2DBA68E201B3}.Debug|Any CPU.Build.0 = Debug|Any CPU
		{247DCE75-1F9E-46FA-A802-2DBA68E201B3}.Release|Any CPU.ActiveCfg = Release|Any CPU
		{247DCE75-1F9E-46FA-A802-2DBA68E201B3}.Release|Any CPU.Build.0 = Release|Any CPU
	EndGlobalSection
	GlobalSection(SolutionProperties) = preSolution
		HideSolutionNode = FALSE
	EndGlobalSection
	GlobalSection(ExtensibilityGlobals) = postSolution
		SolutionGuid = {9A1E58D2-A384-4F75-B10C-CD8F864D35F9}
	EndGlobalSection
EndGlobal
